
Microsoft Visual Studio Solution File, Format Version 12.00
# Visual Studio Version 17
VisualStudioVersion = 17.4.33103.184
MinimumVisualStudioVersion = 10.0.40219.1
Project("{FAE04EC0-301F-11D3-BF4B-00C04F79EFBC}") = "Lab02-Kosenko", "Lab02-Kosenko\Lab02-Kosenko.csproj", "{F111EA44-588C-4B2D-94ED-C92AFB5D16A0}"
EndProject
Global
	GlobalSection(SolutionConfigurationPlatforms) = preSolution
		Debug|Any CPU = Debug|Any CPU
		Release|Any CPU = Release|Any CPU
	EndGlobalSection
	GlobalSection(ProjectConfigurationPlatforms) = postSolution
		{F111EA44-588C-4B2D-94ED-C92AFB5D16A0}.Debug|Any CPU.ActiveCfg = Debug|Any CPU
		{F111EA44-588C-4B2D-94ED-C92AFB5D16A0}.Debug|Any CPU.Build.0 = Debug|Any CPU
		{F111EA44-588C-4B2D-94ED-C92AFB5D16A0}.Release|Any CPU.ActiveCfg = Release|Any CPU
		{F111EA44-588C-4B2D-94ED-C92AFB5D16A0}.Release|Any CPU.Build.0 = Release|Any CPU
	EndGlobalSection
	GlobalSection(SolutionProperties) = preSolution
		HideSolutionNode = FALSE
	EndGlobalSection
	GlobalSection(ExtensibilityGlobals) = postSolution
		SolutionGuid = {6C5F59D1-F7D8-4CB2-B938-1A6CF9744251}
	EndGlobalSection
EndGlobal
